// !$*UTF8*$!
{
	archiveVersion = 1;
	classes = {
	};
	objectVersion = 46;
	objects = {

/* Begin PBXBuildFile section */
		2E926A60908AB2D2774FBC9C /* libPods.a in Frameworks */ = {isa = PBXBuildFile; fileRef = 22176AFD5F819BA518B0196C /* libPods.a */; };
		45C9A10AEC7768FF7094217A /* libPods-PlumCashTests.a in Frameworks */ = {isa = PBXBuildFile; fileRef = DEF54916DBC74B350262B68D /* libPods-PlumCashTests.a */; };
		639AB1641CC2990700C02199 /* main.m in Sources */ = {isa = PBXBuildFile; fileRef = 639AB1631CC2990700C02199 /* main.m */; };
		639AB1671CC2990700C02199 /* AppDelegate.m in Sources */ = {isa = PBXBuildFile; fileRef = 639AB1661CC2990700C02199 /* AppDelegate.m */; };
		639AB1701CC2990700C02199 /* Main.storyboard in Resources */ = {isa = PBXBuildFile; fileRef = 639AB16E1CC2990700C02199 /* Main.storyboard */; };
		639AB1721CC2990700C02199 /* Assets.xcassets in Resources */ = {isa = PBXBuildFile; fileRef = 639AB1711CC2990700C02199 /* Assets.xcassets */; };
		639AB1751CC2990700C02199 /* LaunchScreen.storyboard in Resources */ = {isa = PBXBuildFile; fileRef = 639AB1731CC2990700C02199 /* LaunchScreen.storyboard */; };
		639AB1801CC2990700C02199 /* PlumCashTests.m in Sources */ = {isa = PBXBuildFile; fileRef = 639AB17F1CC2990700C02199 /* PlumCashTests.m */; };
		639AB18B1CC2990700C02199 /* PlumCashUITests.m in Sources */ = {isa = PBXBuildFile; fileRef = 639AB18A1CC2990700C02199 /* PlumCashUITests.m */; };
		639AB19A1CC2A58C00C02199 /* InitialViewController.m in Sources */ = {isa = PBXBuildFile; fileRef = 639AB1991CC2A58C00C02199 /* InitialViewController.m */; };
		639AB19F1CC2AA2700C02199 /* UIViewController+Alert.m in Sources */ = {isa = PBXBuildFile; fileRef = 639AB19E1CC2AA2700C02199 /* UIViewController+Alert.m */; };
		639AB1A31CC2AD9B00C02199 /* User.m in Sources */ = {isa = PBXBuildFile; fileRef = 639AB1A21CC2AD9B00C02199 /* User.m */; };
		639AB1A61CC2AF2C00C02199 /* NSObject+ProgressHUD.m in Sources */ = {isa = PBXBuildFile; fileRef = 639AB1A51CC2AF2C00C02199 /* NSObject+ProgressHUD.m */; };
		639AB1AA1CC2BA0000C02199 /* APIClient.m in Sources */ = {isa = PBXBuildFile; fileRef = 639AB1A91CC2BA0000C02199 /* APIClient.m */; };
		639AB1AD1CC2C1AD00C02199 /* ExtendedError.m in Sources */ = {isa = PBXBuildFile; fileRef = 639AB1AC1CC2C1AD00C02199 /* ExtendedError.m */; };
		6BD5C4021CC2BDED004F7E13 /* KidDetailViewController.m in Sources */ = {isa = PBXBuildFile; fileRef = 6BD5C4011CC2BDED004F7E13 /* KidDetailViewController.m */; };
		6BD5C4051CC2BE23004F7E13 /* AddKidViewController.m in Sources */ = {isa = PBXBuildFile; fileRef = 6BD5C4041CC2BE23004F7E13 /* AddKidViewController.m */; };
		6BD5C40B1CC2BED8004F7E13 /* SettingsTableViewController.m in Sources */ = {isa = PBXBuildFile; fileRef = 6BD5C40A1CC2BED8004F7E13 /* SettingsTableViewController.m */; };
		6BD5C40E1CC2BF04004F7E13 /* KidsTableViewController.m in Sources */ = {isa = PBXBuildFile; fileRef = 6BD5C40D1CC2BF04004F7E13 /* KidsTableViewController.m */; };
		6BD5C4121CC2C102004F7E13 /* KidTableViewCell.m in Sources */ = {isa = PBXBuildFile; fileRef = 6BD5C4111CC2C102004F7E13 /* KidTableViewCell.m */; };
/* End PBXBuildFile section */

/* Begin PBXContainerItemProxy section */
		639AB17C1CC2990700C02199 /* PBXContainerItemProxy */ = {
			isa = PBXContainerItemProxy;
			containerPortal = 639AB1571CC2990700C02199 /* Project object */;
			proxyType = 1;
			remoteGlobalIDString = 639AB15E1CC2990700C02199;
			remoteInfo = PlumCash;
		};
		639AB1871CC2990700C02199 /* PBXContainerItemProxy */ = {
			isa = PBXContainerItemProxy;
			containerPortal = 639AB1571CC2990700C02199 /* Project object */;
			proxyType = 1;
			remoteGlobalIDString = 639AB15E1CC2990700C02199;
			remoteInfo = PlumCash;
		};
/* End PBXContainerItemProxy section */

/* Begin PBXFileReference section */
		0E8DD29E98E246B50054B090 /* Pods-PlumCashTests.debug.xcconfig */ = {isa = PBXFileReference; includeInIndex = 1; lastKnownFileType = text.xcconfig; name = "Pods-PlumCashTests.debug.xcconfig"; path = "Pods/Target Support Files/Pods-PlumCashTests/Pods-PlumCashTests.debug.xcconfig"; sourceTree = "<group>"; };
		22176AFD5F819BA518B0196C /* libPods.a */ = {isa = PBXFileReference; explicitFileType = archive.ar; includeInIndex = 0; path = libPods.a; sourceTree = BUILT_PRODUCTS_DIR; };
		639AB15F1CC2990700C02199 /* PlumCash.app */ = {isa = PBXFileReference; explicitFileType = wrapper.application; includeInIndex = 0; path = PlumCash.app; sourceTree = BUILT_PRODUCTS_DIR; };
		639AB1631CC2990700C02199 /* main.m */ = {isa = PBXFileReference; lastKnownFileType = sourcecode.c.objc; path = main.m; sourceTree = "<group>"; };
		639AB1651CC2990700C02199 /* AppDelegate.h */ = {isa = PBXFileReference; lastKnownFileType = sourcecode.c.h; path = AppDelegate.h; sourceTree = "<group>"; };
		639AB1661CC2990700C02199 /* AppDelegate.m */ = {isa = PBXFileReference; lastKnownFileType = sourcecode.c.objc; path = AppDelegate.m; sourceTree = "<group>"; };
		639AB16F1CC2990700C02199 /* Base */ = {isa = PBXFileReference; lastKnownFileType = file.storyboard; name = Base; path = Base.lproj/Main.storyboard; sourceTree = "<group>"; };
		639AB1711CC2990700C02199 /* Assets.xcassets */ = {isa = PBXFileReference; lastKnownFileType = folder.assetcatalog; path = Assets.xcassets; sourceTree = "<group>"; };
		639AB1741CC2990700C02199 /* Base */ = {isa = PBXFileReference; lastKnownFileType = file.storyboard; name = Base; path = Base.lproj/LaunchScreen.storyboard; sourceTree = "<group>"; };
		639AB1761CC2990700C02199 /* Info.plist */ = {isa = PBXFileReference; lastKnownFileType = text.plist.xml; path = Info.plist; sourceTree = "<group>"; };
		639AB17B1CC2990700C02199 /* PlumCashTests.xctest */ = {isa = PBXFileReference; explicitFileType = wrapper.cfbundle; includeInIndex = 0; path = PlumCashTests.xctest; sourceTree = BUILT_PRODUCTS_DIR; };
		639AB17F1CC2990700C02199 /* PlumCashTests.m */ = {isa = PBXFileReference; lastKnownFileType = sourcecode.c.objc; path = PlumCashTests.m; sourceTree = "<group>"; };
		639AB1811CC2990700C02199 /* Info.plist */ = {isa = PBXFileReference; lastKnownFileType = text.plist.xml; path = Info.plist; sourceTree = "<group>"; };
		639AB1861CC2990700C02199 /* PlumCashUITests.xctest */ = {isa = PBXFileReference; explicitFileType = wrapper.cfbundle; includeInIndex = 0; path = PlumCashUITests.xctest; sourceTree = BUILT_PRODUCTS_DIR; };
		639AB18A1CC2990700C02199 /* PlumCashUITests.m */ = {isa = PBXFileReference; lastKnownFileType = sourcecode.c.objc; path = PlumCashUITests.m; sourceTree = "<group>"; };
		639AB18C1CC2990700C02199 /* Info.plist */ = {isa = PBXFileReference; lastKnownFileType = text.plist.xml; path = Info.plist; sourceTree = "<group>"; };
		639AB1981CC2A58C00C02199 /* InitialViewController.h */ = {isa = PBXFileReference; fileEncoding = 4; lastKnownFileType = sourcecode.c.h; name = InitialViewController.h; path = ViewControllers/InitialViewController.h; sourceTree = "<group>"; };
		639AB1991CC2A58C00C02199 /* InitialViewController.m */ = {isa = PBXFileReference; fileEncoding = 4; lastKnownFileType = sourcecode.c.objc; name = InitialViewController.m; path = ViewControllers/InitialViewController.m; sourceTree = "<group>"; };
		639AB19D1CC2AA2700C02199 /* UIViewController+Alert.h */ = {isa = PBXFileReference; fileEncoding = 4; lastKnownFileType = sourcecode.c.h; name = "UIViewController+Alert.h"; path = "Categories/UIViewController+Alert.h"; sourceTree = "<group>"; };
		639AB19E1CC2AA2700C02199 /* UIViewController+Alert.m */ = {isa = PBXFileReference; fileEncoding = 4; lastKnownFileType = sourcecode.c.objc; name = "UIViewController+Alert.m"; path = "Categories/UIViewController+Alert.m"; sourceTree = "<group>"; };
		639AB1A11CC2AD9B00C02199 /* User.h */ = {isa = PBXFileReference; fileEncoding = 4; lastKnownFileType = sourcecode.c.h; name = User.h; path = Models/User.h; sourceTree = "<group>"; };
		639AB1A21CC2AD9B00C02199 /* User.m */ = {isa = PBXFileReference; fileEncoding = 4; lastKnownFileType = sourcecode.c.objc; name = User.m; path = Models/User.m; sourceTree = "<group>"; };
		639AB1A41CC2AF2C00C02199 /* NSObject+ProgressHUD.h */ = {isa = PBXFileReference; fileEncoding = 4; lastKnownFileType = sourcecode.c.h; name = "NSObject+ProgressHUD.h"; path = "Categories/NSObject+ProgressHUD.h"; sourceTree = "<group>"; };
		639AB1A51CC2AF2C00C02199 /* NSObject+ProgressHUD.m */ = {isa = PBXFileReference; fileEncoding = 4; lastKnownFileType = sourcecode.c.objc; name = "NSObject+ProgressHUD.m"; path = "Categories/NSObject+ProgressHUD.m"; sourceTree = "<group>"; };
		639AB1A81CC2BA0000C02199 /* APIClient.h */ = {isa = PBXFileReference; fileEncoding = 4; lastKnownFileType = sourcecode.c.h; name = APIClient.h; path = Singletons/APIClient.h; sourceTree = "<group>"; };
		639AB1A91CC2BA0000C02199 /* APIClient.m */ = {isa = PBXFileReference; fileEncoding = 4; lastKnownFileType = sourcecode.c.objc; name = APIClient.m; path = Singletons/APIClient.m; sourceTree = "<group>"; };
		639AB1AB1CC2C1AD00C02199 /* ExtendedError.h */ = {isa = PBXFileReference; fileEncoding = 4; lastKnownFileType = sourcecode.c.h; name = ExtendedError.h; path = Models/ExtendedError.h; sourceTree = "<group>"; };
		639AB1AC1CC2C1AD00C02199 /* ExtendedError.m */ = {isa = PBXFileReference; fileEncoding = 4; lastKnownFileType = sourcecode.c.objc; name = ExtendedError.m; path = Models/ExtendedError.m; sourceTree = "<group>"; };
		6BD5C4001CC2BDED004F7E13 /* KidDetailViewController.h */ = {isa = PBXFileReference; fileEncoding = 4; lastKnownFileType = sourcecode.c.h; name = KidDetailViewController.h; path = ViewControllers/KidDetailViewController.h; sourceTree = "<group>"; };
		6BD5C4011CC2BDED004F7E13 /* KidDetailViewController.m */ = {isa = PBXFileReference; fileEncoding = 4; lastKnownFileType = sourcecode.c.objc; name = KidDetailViewController.m; path = ViewControllers/KidDetailViewController.m; sourceTree = "<group>"; };
		6BD5C4031CC2BE23004F7E13 /* AddKidViewController.h */ = {isa = PBXFileReference; fileEncoding = 4; lastKnownFileType = sourcecode.c.h; name = AddKidViewController.h; path = ViewControllers/AddKidViewController.h; sourceTree = "<group>"; };
		6BD5C4041CC2BE23004F7E13 /* AddKidViewController.m */ = {isa = PBXFileReference; fileEncoding = 4; lastKnownFileType = sourcecode.c.objc; name = AddKidViewController.m; path = ViewControllers/AddKidViewController.m; sourceTree = "<group>"; };
		6BD5C4091CC2BED8004F7E13 /* SettingsTableViewController.h */ = {isa = PBXFileReference; fileEncoding = 4; lastKnownFileType = sourcecode.c.h; name = SettingsTableViewController.h; path = ViewControllers/SettingsTableViewController.h; sourceTree = "<group>"; };
		6BD5C40A1CC2BED8004F7E13 /* SettingsTableViewController.m */ = {isa = PBXFileReference; fileEncoding = 4; lastKnownFileType = sourcecode.c.objc; name = SettingsTableViewController.m; path = ViewControllers/SettingsTableViewController.m; sourceTree = "<group>"; };
		6BD5C40C1CC2BF04004F7E13 /* KidsTableViewController.h */ = {isa = PBXFileReference; fileEncoding = 4; lastKnownFileType = sourcecode.c.h; name = KidsTableViewController.h; path = ViewControllers/KidsTableViewController.h; sourceTree = "<group>"; };
		6BD5C40D1CC2BF04004F7E13 /* KidsTableViewController.m */ = {isa = PBXFileReference; fileEncoding = 4; lastKnownFileType = sourcecode.c.objc; name = KidsTableViewController.m; path = ViewControllers/KidsTableViewController.m; sourceTree = "<group>"; };
		6BD5C4101CC2C102004F7E13 /* KidTableViewCell.h */ = {isa = PBXFileReference; fileEncoding = 4; lastKnownFileType = sourcecode.c.h; path = KidTableViewCell.h; sourceTree = "<group>"; };
		6BD5C4111CC2C102004F7E13 /* KidTableViewCell.m */ = {isa = PBXFileReference; fileEncoding = 4; lastKnownFileType = sourcecode.c.objc; path = KidTableViewCell.m; sourceTree = "<group>"; };
		955D06BF179F8ABA3640311A /* Pods-PlumCashTests.release.xcconfig */ = {isa = PBXFileReference; includeInIndex = 1; lastKnownFileType = text.xcconfig; name = "Pods-PlumCashTests.release.xcconfig"; path = "Pods/Target Support Files/Pods-PlumCashTests/Pods-PlumCashTests.release.xcconfig"; sourceTree = "<group>"; };
		B2CEB641478726B537675951 /* Pods.release.xcconfig */ = {isa = PBXFileReference; includeInIndex = 1; lastKnownFileType = text.xcconfig; name = Pods.release.xcconfig; path = "Pods/Target Support Files/Pods/Pods.release.xcconfig"; sourceTree = "<group>"; };
		DE7713FA700E6625ED90745D /* Pods.debug.xcconfig */ = {isa = PBXFileReference; includeInIndex = 1; lastKnownFileType = text.xcconfig; name = Pods.debug.xcconfig; path = "Pods/Target Support Files/Pods/Pods.debug.xcconfig"; sourceTree = "<group>"; };
		DEF54916DBC74B350262B68D /* libPods-PlumCashTests.a */ = {isa = PBXFileReference; explicitFileType = archive.ar; includeInIndex = 0; path = "libPods-PlumCashTests.a"; sourceTree = BUILT_PRODUCTS_DIR; };
/* End PBXFileReference section */

/* Begin PBXFrameworksBuildPhase section */
		639AB15C1CC2990700C02199 /* Frameworks */ = {
			isa = PBXFrameworksBuildPhase;
			buildActionMask = 2147483647;
			files = (
				2E926A60908AB2D2774FBC9C /* libPods.a in Frameworks */,
			);
			runOnlyForDeploymentPostprocessing = 0;
		};
		639AB1781CC2990700C02199 /* Frameworks */ = {
			isa = PBXFrameworksBuildPhase;
			buildActionMask = 2147483647;
			files = (
				45C9A10AEC7768FF7094217A /* libPods-PlumCashTests.a in Frameworks */,
			);
			runOnlyForDeploymentPostprocessing = 0;
		};
		639AB1831CC2990700C02199 /* Frameworks */ = {
			isa = PBXFrameworksBuildPhase;
			buildActionMask = 2147483647;
			files = (
			);
			runOnlyForDeploymentPostprocessing = 0;
		};
/* End PBXFrameworksBuildPhase section */

/* Begin PBXGroup section */
		639AB1561CC2990700C02199 = {
			isa = PBXGroup;
			children = (
				639AB1611CC2990700C02199 /* PlumCash */,
				639AB17E1CC2990700C02199 /* PlumCashTests */,
				639AB1891CC2990700C02199 /* PlumCashUITests */,
				639AB1601CC2990700C02199 /* Products */,
				6B7653F5E0E60D51EA332F7E /* Pods */,
				7AFB9F487D008BBD23B65CD2 /* Frameworks */,
			);
			sourceTree = "<group>";
		};
		639AB1601CC2990700C02199 /* Products */ = {
			isa = PBXGroup;
			children = (
				639AB15F1CC2990700C02199 /* PlumCash.app */,
				639AB17B1CC2990700C02199 /* PlumCashTests.xctest */,
				639AB1861CC2990700C02199 /* PlumCashUITests.xctest */,
			);
			name = Products;
			sourceTree = "<group>";
		};
		639AB1611CC2990700C02199 /* PlumCash */ = {
			isa = PBXGroup;
			children = (
				639AB1651CC2990700C02199 /* AppDelegate.h */,
				639AB1661CC2990700C02199 /* AppDelegate.m */,
				639AB16E1CC2990700C02199 /* Main.storyboard */,
				639AB1711CC2990700C02199 /* Assets.xcassets */,
				639AB1731CC2990700C02199 /* LaunchScreen.storyboard */,
				639AB1761CC2990700C02199 /* Info.plist */,
				639AB19B1CC2A59100C02199 /* ViewControllers */,
				6BD5C40F1CC2C0D9004F7E13 /* Cells */,
				639AB1A01CC2AD8300C02199 /* Models */,
				639AB1A71CC2B9CD00C02199 /* Singletons */,
				639AB19C1CC2A9CB00C02199 /* Categories */,
				639AB1621CC2990700C02199 /* Supporting Files */,
			);
			path = PlumCash;
			sourceTree = "<group>";
		};
		639AB1621CC2990700C02199 /* Supporting Files */ = {
			isa = PBXGroup;
			children = (
				639AB1631CC2990700C02199 /* main.m */,
			);
			name = "Supporting Files";
			sourceTree = "<group>";
		};
		639AB17E1CC2990700C02199 /* PlumCashTests */ = {
			isa = PBXGroup;
			children = (
				639AB17F1CC2990700C02199 /* PlumCashTests.m */,
				639AB1811CC2990700C02199 /* Info.plist */,
			);
			path = PlumCashTests;
			sourceTree = "<group>";
		};
		639AB1891CC2990700C02199 /* PlumCashUITests */ = {
			isa = PBXGroup;
			children = (
				639AB18A1CC2990700C02199 /* PlumCashUITests.m */,
				639AB18C1CC2990700C02199 /* Info.plist */,
			);
			path = PlumCashUITests;
			sourceTree = "<group>";
		};
		639AB19B1CC2A59100C02199 /* ViewControllers */ = {
			isa = PBXGroup;
			children = (
				639AB1981CC2A58C00C02199 /* InitialViewController.h */,
				639AB1991CC2A58C00C02199 /* InitialViewController.m */,
				6BD5C4001CC2BDED004F7E13 /* KidDetailViewController.h */,
				6BD5C4011CC2BDED004F7E13 /* KidDetailViewController.m */,
				6BD5C4031CC2BE23004F7E13 /* AddKidViewController.h */,
				6BD5C4041CC2BE23004F7E13 /* AddKidViewController.m */,
				6BD5C4091CC2BED8004F7E13 /* SettingsTableViewController.h */,
				6BD5C40A1CC2BED8004F7E13 /* SettingsTableViewController.m */,
				6BD5C40C1CC2BF04004F7E13 /* KidsTableViewController.h */,
				6BD5C40D1CC2BF04004F7E13 /* KidsTableViewController.m */,
			);
			name = ViewControllers;
			sourceTree = "<group>";
		};
		639AB19C1CC2A9CB00C02199 /* Categories */ = {
			isa = PBXGroup;
			children = (
				639AB19D1CC2AA2700C02199 /* UIViewController+Alert.h */,
				639AB19E1CC2AA2700C02199 /* UIViewController+Alert.m */,
				639AB1A41CC2AF2C00C02199 /* NSObject+ProgressHUD.h */,
				639AB1A51CC2AF2C00C02199 /* NSObject+ProgressHUD.m */,
			);
			name = Categories;
			sourceTree = "<group>";
		};
		639AB1A01CC2AD8300C02199 /* Models */ = {
			isa = PBXGroup;
			children = (
				639AB1A11CC2AD9B00C02199 /* User.h */,
				639AB1A21CC2AD9B00C02199 /* User.m */,
				639AB1AB1CC2C1AD00C02199 /* ExtendedError.h */,
				639AB1AC1CC2C1AD00C02199 /* ExtendedError.m */,
			);
			name = Models;
			sourceTree = "<group>";
		};
		639AB1A71CC2B9CD00C02199 /* Singletons */ = {
			isa = PBXGroup;
			children = (
				639AB1A81CC2BA0000C02199 /* APIClient.h */,
				639AB1A91CC2BA0000C02199 /* APIClient.m */,
			);
			name = Singletons;
			sourceTree = "<group>";
		};
		6B7653F5E0E60D51EA332F7E /* Pods */ = {
			isa = PBXGroup;
			children = (
				DE7713FA700E6625ED90745D /* Pods.debug.xcconfig */,
				B2CEB641478726B537675951 /* Pods.release.xcconfig */,
				0E8DD29E98E246B50054B090 /* Pods-PlumCashTests.debug.xcconfig */,
				955D06BF179F8ABA3640311A /* Pods-PlumCashTests.release.xcconfig */,
			);
			name = Pods;
			sourceTree = "<group>";
		};
		6BD5C40F1CC2C0D9004F7E13 /* Cells */ = {
			isa = PBXGroup;
			children = (
				6BD5C4101CC2C102004F7E13 /* KidTableViewCell.h */,
				6BD5C4111CC2C102004F7E13 /* KidTableViewCell.m */,
			);
			name = Cells;
			sourceTree = "<group>";
		};
		7AFB9F487D008BBD23B65CD2 /* Frameworks */ = {
			isa = PBXGroup;
			children = (
				22176AFD5F819BA518B0196C /* libPods.a */,
				DEF54916DBC74B350262B68D /* libPods-PlumCashTests.a */,
			);
			name = Frameworks;
			sourceTree = "<group>";
		};
/* End PBXGroup section */

/* Begin PBXNativeTarget section */
		639AB15E1CC2990700C02199 /* PlumCash */ = {
			isa = PBXNativeTarget;
			buildConfigurationList = 639AB18F1CC2990700C02199 /* Build configuration list for PBXNativeTarget "PlumCash" */;
			buildPhases = (
				A653459C898FE0BA88F13BD2 /* Check Pods Manifest.lock */,
				639AB15B1CC2990700C02199 /* Sources */,
				639AB15C1CC2990700C02199 /* Frameworks */,
				639AB15D1CC2990700C02199 /* Resources */,
				A5389C4D0C873A7585A0C8DD /* Copy Pods Resources */,
			);
			buildRules = (
			);
			dependencies = (
			);
			name = PlumCash;
			productName = PlumCash;
			productReference = 639AB15F1CC2990700C02199 /* PlumCash.app */;
			productType = "com.apple.product-type.application";
		};
		639AB17A1CC2990700C02199 /* PlumCashTests */ = {
			isa = PBXNativeTarget;
			buildConfigurationList = 639AB1921CC2990700C02199 /* Build configuration list for PBXNativeTarget "PlumCashTests" */;
			buildPhases = (
				D1B85E5944E48518E0CBFEC6 /* Check Pods Manifest.lock */,
				639AB1771CC2990700C02199 /* Sources */,
				639AB1781CC2990700C02199 /* Frameworks */,
				639AB1791CC2990700C02199 /* Resources */,
				66DEB047367C9D9F126E901B /* Copy Pods Resources */,
			);
			buildRules = (
			);
			dependencies = (
				639AB17D1CC2990700C02199 /* PBXTargetDependency */,
			);
			name = PlumCashTests;
			productName = PlumCashTests;
			productReference = 639AB17B1CC2990700C02199 /* PlumCashTests.xctest */;
			productType = "com.apple.product-type.bundle.unit-test";
		};
		639AB1851CC2990700C02199 /* PlumCashUITests */ = {
			isa = PBXNativeTarget;
			buildConfigurationList = 639AB1951CC2990700C02199 /* Build configuration list for PBXNativeTarget "PlumCashUITests" */;
			buildPhases = (
				639AB1821CC2990700C02199 /* Sources */,
				639AB1831CC2990700C02199 /* Frameworks */,
				639AB1841CC2990700C02199 /* Resources */,
			);
			buildRules = (
			);
			dependencies = (
				639AB1881CC2990700C02199 /* PBXTargetDependency */,
			);
			name = PlumCashUITests;
			productName = PlumCashUITests;
			productReference = 639AB1861CC2990700C02199 /* PlumCashUITests.xctest */;
			productType = "com.apple.product-type.bundle.ui-testing";
		};
/* End PBXNativeTarget section */

/* Begin PBXProject section */
		639AB1571CC2990700C02199 /* Project object */ = {
			isa = PBXProject;
			attributes = {
				LastUpgradeCheck = 0730;
				ORGANIZATIONNAME = SilverLogic;
				TargetAttributes = {
					639AB15E1CC2990700C02199 = {
						CreatedOnToolsVersion = 7.3;
					};
					639AB17A1CC2990700C02199 = {
						CreatedOnToolsVersion = 7.3;
						TestTargetID = 639AB15E1CC2990700C02199;
					};
					639AB1851CC2990700C02199 = {
						CreatedOnToolsVersion = 7.3;
						TestTargetID = 639AB15E1CC2990700C02199;
					};
				};
			};
			buildConfigurationList = 639AB15A1CC2990700C02199 /* Build configuration list for PBXProject "PlumCash" */;
			compatibilityVersion = "Xcode 3.2";
			developmentRegion = English;
			hasScannedForEncodings = 0;
			knownRegions = (
				en,
				Base,
			);
			mainGroup = 639AB1561CC2990700C02199;
			productRefGroup = 639AB1601CC2990700C02199 /* Products */;
			projectDirPath = "";
			projectRoot = "";
			targets = (
				639AB15E1CC2990700C02199 /* PlumCash */,
				639AB17A1CC2990700C02199 /* PlumCashTests */,
				639AB1851CC2990700C02199 /* PlumCashUITests */,
			);
		};
/* End PBXProject section */

/* Begin PBXResourcesBuildPhase section */
		639AB15D1CC2990700C02199 /* Resources */ = {
			isa = PBXResourcesBuildPhase;
			buildActionMask = 2147483647;
			files = (
				639AB1751CC2990700C02199 /* LaunchScreen.storyboard in Resources */,
				639AB1721CC2990700C02199 /* Assets.xcassets in Resources */,
				639AB1701CC2990700C02199 /* Main.storyboard in Resources */,
			);
			runOnlyForDeploymentPostprocessing = 0;
		};
		639AB1791CC2990700C02199 /* Resources */ = {
			isa = PBXResourcesBuildPhase;
			buildActionMask = 2147483647;
			files = (
			);
			runOnlyForDeploymentPostprocessing = 0;
		};
		639AB1841CC2990700C02199 /* Resources */ = {
			isa = PBXResourcesBuildPhase;
			buildActionMask = 2147483647;
			files = (
			);
			runOnlyForDeploymentPostprocessing = 0;
		};
/* End PBXResourcesBuildPhase section */

/* Begin PBXShellScriptBuildPhase section */
		66DEB047367C9D9F126E901B /* Copy Pods Resources */ = {
			isa = PBXShellScriptBuildPhase;
			buildActionMask = 2147483647;
			files = (
			);
			inputPaths = (
			);
			name = "Copy Pods Resources";
			outputPaths = (
			);
			runOnlyForDeploymentPostprocessing = 0;
			shellPath = /bin/sh;
			shellScript = "\"${SRCROOT}/Pods/Target Support Files/Pods-PlumCashTests/Pods-PlumCashTests-resources.sh\"\n";
			showEnvVarsInLog = 0;
		};
		A5389C4D0C873A7585A0C8DD /* Copy Pods Resources */ = {
			isa = PBXShellScriptBuildPhase;
			buildActionMask = 2147483647;
			files = (
			);
			inputPaths = (
			);
			name = "Copy Pods Resources";
			outputPaths = (
			);
			runOnlyForDeploymentPostprocessing = 0;
			shellPath = /bin/sh;
			shellScript = "\"${SRCROOT}/Pods/Target Support Files/Pods/Pods-resources.sh\"\n";
			showEnvVarsInLog = 0;
		};
		A653459C898FE0BA88F13BD2 /* Check Pods Manifest.lock */ = {
			isa = PBXShellScriptBuildPhase;
			buildActionMask = 2147483647;
			files = (
			);
			inputPaths = (
			);
			name = "Check Pods Manifest.lock";
			outputPaths = (
			);
			runOnlyForDeploymentPostprocessing = 0;
			shellPath = /bin/sh;
			shellScript = "diff \"${PODS_ROOT}/../Podfile.lock\" \"${PODS_ROOT}/Manifest.lock\" > /dev/null\nif [[ $? != 0 ]] ; then\n    cat << EOM\nerror: The sandbox is not in sync with the Podfile.lock. Run 'pod install' or update your CocoaPods installation.\nEOM\n    exit 1\nfi\n";
			showEnvVarsInLog = 0;
		};
		D1B85E5944E48518E0CBFEC6 /* Check Pods Manifest.lock */ = {
			isa = PBXShellScriptBuildPhase;
			buildActionMask = 2147483647;
			files = (
			);
			inputPaths = (
			);
			name = "Check Pods Manifest.lock";
			outputPaths = (
			);
			runOnlyForDeploymentPostprocessing = 0;
			shellPath = /bin/sh;
			shellScript = "diff \"${PODS_ROOT}/../Podfile.lock\" \"${PODS_ROOT}/Manifest.lock\" > /dev/null\nif [[ $? != 0 ]] ; then\n    cat << EOM\nerror: The sandbox is not in sync with the Podfile.lock. Run 'pod install' or update your CocoaPods installation.\nEOM\n    exit 1\nfi\n";
			showEnvVarsInLog = 0;
		};
/* End PBXShellScriptBuildPhase section */

/* Begin PBXSourcesBuildPhase section */
		639AB15B1CC2990700C02199 /* Sources */ = {
			isa = PBXSourcesBuildPhase;
			buildActionMask = 2147483647;
			files = (
				639AB19A1CC2A58C00C02199 /* InitialViewController.m in Sources */,
				6BD5C4051CC2BE23004F7E13 /* AddKidViewController.m in Sources */,
				6BD5C4121CC2C102004F7E13 /* KidTableViewCell.m in Sources */,
				639AB1A31CC2AD9B00C02199 /* User.m in Sources */,
				6BD5C40B1CC2BED8004F7E13 /* SettingsTableViewController.m in Sources */,
				6BD5C40E1CC2BF04004F7E13 /* KidsTableViewController.m in Sources */,
				639AB1AD1CC2C1AD00C02199 /* ExtendedError.m in Sources */,
				6BD5C4021CC2BDED004F7E13 /* KidDetailViewController.m in Sources */,
				639AB1A61CC2AF2C00C02199 /* NSObject+ProgressHUD.m in Sources */,
				639AB1AA1CC2BA0000C02199 /* APIClient.m in Sources */,
				639AB1671CC2990700C02199 /* AppDelegate.m in Sources */,
				639AB19F1CC2AA2700C02199 /* UIViewController+Alert.m in Sources */,
				639AB1641CC2990700C02199 /* main.m in Sources */,
			);
			runOnlyForDeploymentPostprocessing = 0;
		};
		639AB1771CC2990700C02199 /* Sources */ = {
			isa = PBXSourcesBuildPhase;
			buildActionMask = 2147483647;
			files = (
				639AB1801CC2990700C02199 /* PlumCashTests.m in Sources */,
			);
			runOnlyForDeploymentPostprocessing = 0;
		};
		639AB1821CC2990700C02199 /* Sources */ = {
			isa = PBXSourcesBuildPhase;
			buildActionMask = 2147483647;
			files = (
				639AB18B1CC2990700C02199 /* PlumCashUITests.m in Sources */,
			);
			runOnlyForDeploymentPostprocessing = 0;
		};
/* End PBXSourcesBuildPhase section */

/* Begin PBXTargetDependency section */
		639AB17D1CC2990700C02199 /* PBXTargetDependency */ = {
			isa = PBXTargetDependency;
			target = 639AB15E1CC2990700C02199 /* PlumCash */;
			targetProxy = 639AB17C1CC2990700C02199 /* PBXContainerItemProxy */;
		};
		639AB1881CC2990700C02199 /* PBXTargetDependency */ = {
			isa = PBXTargetDependency;
			target = 639AB15E1CC2990700C02199 /* PlumCash */;
			targetProxy = 639AB1871CC2990700C02199 /* PBXContainerItemProxy */;
		};
/* End PBXTargetDependency section */

/* Begin PBXVariantGroup section */
		639AB16E1CC2990700C02199 /* Main.storyboard */ = {
			isa = PBXVariantGroup;
			children = (
				639AB16F1CC2990700C02199 /* Base */,
			);
			name = Main.storyboard;
			sourceTree = "<group>";
		};
		639AB1731CC2990700C02199 /* LaunchScreen.storyboard */ = {
			isa = PBXVariantGroup;
			children = (
				639AB1741CC2990700C02199 /* Base */,
			);
			name = LaunchScreen.storyboard;
			sourceTree = "<group>";
		};
/* End PBXVariantGroup section */

/* Begin XCBuildConfiguration section */
		639AB18D1CC2990700C02199 /* Debug */ = {
			isa = XCBuildConfiguration;
			buildSettings = {
				ALWAYS_SEARCH_USER_PATHS = NO;
				CLANG_ANALYZER_NONNULL = YES;
				CLANG_CXX_LANGUAGE_STANDARD = "gnu++0x";
				CLANG_CXX_LIBRARY = "libc++";
				CLANG_ENABLE_MODULES = YES;
				CLANG_ENABLE_OBJC_ARC = YES;
				CLANG_WARN_BOOL_CONVERSION = YES;
				CLANG_WARN_CONSTANT_CONVERSION = YES;
				CLANG_WARN_DIRECT_OBJC_ISA_USAGE = YES_ERROR;
				CLANG_WARN_EMPTY_BODY = YES;
				CLANG_WARN_ENUM_CONVERSION = YES;
				CLANG_WARN_INT_CONVERSION = YES;
				CLANG_WARN_OBJC_ROOT_CLASS = YES_ERROR;
				CLANG_WARN_UNREACHABLE_CODE = YES;
				CLANG_WARN__DUPLICATE_METHOD_MATCH = YES;
				"CODE_SIGN_IDENTITY[sdk=iphoneos*]" = "iPhone Developer";
				COPY_PHASE_STRIP = NO;
				DEBUG_INFORMATION_FORMAT = dwarf;
				ENABLE_STRICT_OBJC_MSGSEND = YES;
				ENABLE_TESTABILITY = YES;
				GCC_C_LANGUAGE_STANDARD = gnu99;
				GCC_DYNAMIC_NO_PIC = NO;
				GCC_NO_COMMON_BLOCKS = YES;
				GCC_OPTIMIZATION_LEVEL = 0;
				GCC_PREPROCESSOR_DEFINITIONS = (
					"DEBUG=1",
					"$(inherited)",
				);
				GCC_WARN_64_TO_32_BIT_CONVERSION = YES;
				GCC_WARN_ABOUT_RETURN_TYPE = YES_ERROR;
				GCC_WARN_UNDECLARED_SELECTOR = YES;
				GCC_WARN_UNINITIALIZED_AUTOS = YES_AGGRESSIVE;
				GCC_WARN_UNUSED_FUNCTION = YES;
				GCC_WARN_UNUSED_VARIABLE = YES;
				IPHONEOS_DEPLOYMENT_TARGET = 9.3;
				MTL_ENABLE_DEBUG_INFO = YES;
				ONLY_ACTIVE_ARCH = YES;
				SDKROOT = iphoneos;
				TARGETED_DEVICE_FAMILY = "1,2";
			};
			name = Debug;
		};
		639AB18E1CC2990700C02199 /* Release */ = {
			isa = XCBuildConfiguration;
			buildSettings = {
				ALWAYS_SEARCH_USER_PATHS = NO;
				CLANG_ANALYZER_NONNULL = YES;
				CLANG_CXX_LANGUAGE_STANDARD = "gnu++0x";
				CLANG_CXX_LIBRARY = "libc++";
				CLANG_ENABLE_MODULES = YES;
				CLANG_ENABLE_OBJC_ARC = YES;
				CLANG_WARN_BOOL_CONVERSION = YES;
				CLANG_WARN_CONSTANT_CONVERSION = YES;
				CLANG_WARN_DIRECT_OBJC_ISA_USAGE = YES_ERROR;
				CLANG_WARN_EMPTY_BODY = YES;
				CLANG_WARN_ENUM_CONVERSION = YES;
				CLANG_WARN_INT_CONVERSION = YES;
				CLANG_WARN_OBJC_ROOT_CLASS = YES_ERROR;
				CLANG_WARN_UNREACHABLE_CODE = YES;
				CLANG_WARN__DUPLICATE_METHOD_MATCH = YES;
				"CODE_SIGN_IDENTITY[sdk=iphoneos*]" = "iPhone Developer";
				COPY_PHASE_STRIP = NO;
				DEBUG_INFORMATION_FORMAT = "dwarf-with-dsym";
				ENABLE_NS_ASSERTIONS = NO;
				ENABLE_STRICT_OBJC_MSGSEND = YES;
				GCC_C_LANGUAGE_STANDARD = gnu99;
				GCC_NO_COMMON_BLOCKS = YES;
				GCC_WARN_64_TO_32_BIT_CONVERSION = YES;
				GCC_WARN_ABOUT_RETURN_TYPE = YES_ERROR;
				GCC_WARN_UNDECLARED_SELECTOR = YES;
				GCC_WARN_UNINITIALIZED_AUTOS = YES_AGGRESSIVE;
				GCC_WARN_UNUSED_FUNCTION = YES;
				GCC_WARN_UNUSED_VARIABLE = YES;
				IPHONEOS_DEPLOYMENT_TARGET = 9.3;
				MTL_ENABLE_DEBUG_INFO = NO;
				SDKROOT = iphoneos;
				TARGETED_DEVICE_FAMILY = "1,2";
				VALIDATE_PRODUCT = YES;
			};
			name = Release;
		};
		639AB1901CC2990700C02199 /* Debug */ = {
			isa = XCBuildConfiguration;
			baseConfigurationReference = DE7713FA700E6625ED90745D /* Pods.debug.xcconfig */;
			buildSettings = {
				ASSETCATALOG_COMPILER_APPICON_NAME = AppIcon;
				INFOPLIST_FILE = PlumCash/Info.plist;
				IPHONEOS_DEPLOYMENT_TARGET = 8.0;
				LD_RUNPATH_SEARCH_PATHS = "$(inherited) @executable_path/Frameworks";
				PRODUCT_BUNDLE_IDENTIFIER = com.silverlogic.PlumCash;
				PRODUCT_NAME = "$(TARGET_NAME)";
			};
			name = Debug;
		};
		639AB1911CC2990700C02199 /* Release */ = {
			isa = XCBuildConfiguration;
			baseConfigurationReference = B2CEB641478726B537675951 /* Pods.release.xcconfig */;
			buildSettings = {
				ASSETCATALOG_COMPILER_APPICON_NAME = AppIcon;
				INFOPLIST_FILE = PlumCash/Info.plist;
				IPHONEOS_DEPLOYMENT_TARGET = 8.0;
				LD_RUNPATH_SEARCH_PATHS = "$(inherited) @executable_path/Frameworks";
				PRODUCT_BUNDLE_IDENTIFIER = com.silverlogic.PlumCash;
				PRODUCT_NAME = "$(TARGET_NAME)";
			};
			name = Release;
		};
		639AB1931CC2990700C02199 /* Debug */ = {
			isa = XCBuildConfiguration;
			baseConfigurationReference = 0E8DD29E98E246B50054B090 /* Pods-PlumCashTests.debug.xcconfig */;
			buildSettings = {
				BUNDLE_LOADER = "$(TEST_HOST)";
				INFOPLIST_FILE = PlumCashTests/Info.plist;
				LD_RUNPATH_SEARCH_PATHS = "$(inherited) @executable_path/Frameworks @loader_path/Frameworks";
				PRODUCT_BUNDLE_IDENTIFIER = com.silverlogic.PlumCashTests;
				PRODUCT_NAME = "$(TARGET_NAME)";
				TEST_HOST = "$(BUILT_PRODUCTS_DIR)/PlumCash.app/PlumCash";
			};
			name = Debug;
		};
		639AB1941CC2990700C02199 /* Release */ = {
			isa = XCBuildConfiguration;
			baseConfigurationReference = 955D06BF179F8ABA3640311A /* Pods-PlumCashTests.release.xcconfig */;
			buildSettings = {
				BUNDLE_LOADER = "$(TEST_HOST)";
				INFOPLIST_FILE = PlumCashTests/Info.plist;
				LD_RUNPATH_SEARCH_PATHS = "$(inherited) @executable_path/Frameworks @loader_path/Frameworks";
				PRODUCT_BUNDLE_IDENTIFIER = com.silverlogic.PlumCashTests;
				PRODUCT_NAME = "$(TARGET_NAME)";
				TEST_HOST = "$(BUILT_PRODUCTS_DIR)/PlumCash.app/PlumCash";
			};
			name = Release;
		};
		639AB1961CC2990700C02199 /* Debug */ = {
			isa = XCBuildConfiguration;
			buildSettings = {
				INFOPLIST_FILE = PlumCashUITests/Info.plist;
				LD_RUNPATH_SEARCH_PATHS = "$(inherited) @executable_path/Frameworks @loader_path/Frameworks";
				PRODUCT_BUNDLE_IDENTIFIER = com.silverlogic.PlumCashUITests;
				PRODUCT_NAME = "$(TARGET_NAME)";
				TEST_TARGET_NAME = PlumCash;
			};
			name = Debug;
		};
		639AB1971CC2990700C02199 /* Release */ = {
			isa = XCBuildConfiguration;
			buildSettings = {
				INFOPLIST_FILE = PlumCashUITests/Info.plist;
				LD_RUNPATH_SEARCH_PATHS = "$(inherited) @executable_path/Frameworks @loader_path/Frameworks";
				PRODUCT_BUNDLE_IDENTIFIER = com.silverlogic.PlumCashUITests;
				PRODUCT_NAME = "$(TARGET_NAME)";
				TEST_TARGET_NAME = PlumCash;
			};
			name = Release;
		};
/* End XCBuildConfiguration section */

/* Begin XCConfigurationList section */
		639AB15A1CC2990700C02199 /* Build configuration list for PBXProject "PlumCash" */ = {
			isa = XCConfigurationList;
			buildConfigurations = (
				639AB18D1CC2990700C02199 /* Debug */,
				639AB18E1CC2990700C02199 /* Release */,
			);
			defaultConfigurationIsVisible = 0;
			defaultConfigurationName = Release;
		};
		639AB18F1CC2990700C02199 /* Build configuration list for PBXNativeTarget "PlumCash" */ = {
			isa = XCConfigurationList;
			buildConfigurations = (
				639AB1901CC2990700C02199 /* Debug */,
				639AB1911CC2990700C02199 /* Release */,
			);
			defaultConfigurationIsVisible = 0;
			defaultConfigurationName = Release;
		};
		639AB1921CC2990700C02199 /* Build configuration list for PBXNativeTarget "PlumCashTests" */ = {
			isa = XCConfigurationList;
			buildConfigurations = (
				639AB1931CC2990700C02199 /* Debug */,
				639AB1941CC2990700C02199 /* Release */,
			);
			defaultConfigurationIsVisible = 0;
			defaultConfigurationName = Release;
		};
		639AB1951CC2990700C02199 /* Build configuration list for PBXNativeTarget "PlumCashUITests" */ = {
			isa = XCConfigurationList;
			buildConfigurations = (
				639AB1961CC2990700C02199 /* Debug */,
				639AB1971CC2990700C02199 /* Release */,
			);
			defaultConfigurationIsVisible = 0;
			defaultConfigurationName = Release;
		};
/* End XCConfigurationList section */
	};
	rootObject = 639AB1571CC2990700C02199 /* Project object */;
}
